
Microsoft Visual Studio Solution File, Format Version 12.00
# Visual Studio 15
VisualStudioVersion = 15.0.26124.0
MinimumVisualStudioVersion = 15.0.26124.0
Project("{2150E333-8FDC-42A3-9474-1A3956D46DE8}") = "src", "src", "{C10E29F0-7288-4732-822E-77C1DD341C88}"
EndProject
Project("{FAE04EC0-301F-11D3-BF4B-00C04F79EFBC}") = "Grouchy.ServiceBus.InMemory", "src\Grouchy.ServiceBus.InMemory\Grouchy.ServiceBus.InMemory.csproj", "{834982A0-AEB8-435D-A72D-C4213CEC1207}"
EndProject
Project("{FAE04EC0-301F-11D3-BF4B-00C04F79EFBC}") = "Grouchy.ServiceBus.InMemory.Tests", "src\Grouchy.ServiceBus.InMemory.Tests\Grouchy.ServiceBus.InMemory.Tests.csproj", "{CD86EF1E-CC06-4E17-882F-BE15762BCF2A}"
EndProject
Project("{FAE04EC0-301F-11D3-BF4B-00C04F79EFBC}") = "Grouchy.ServiceBus.Testing", "src\Grouchy.ServiceBus.Testing\Grouchy.ServiceBus.Testing.csproj", "{F96CFD85-B9D0-4A63-87D4-991E8AE3E732}"
EndProject
Project("{FAE04EC0-301F-11D3-BF4B-00C04F79EFBC}") = "Grouchy.ServiceBus.RabbitMQ", "src\Grouchy.ServiceBus.RabbitMQ\Grouchy.ServiceBus.RabbitMQ.csproj", "{45AA944D-107B-440B-BCAC-1EB3EF59234D}"
EndProject
Project("{FAE04EC0-301F-11D3-BF4B-00C04F79EFBC}") = "Grouchy.ServiceBus.RabbitMQ.Tests", "src\Grouchy.ServiceBus.RabbitMQ.Tests\Grouchy.ServiceBus.RabbitMQ.Tests.csproj", "{4F8FFB04-9D4B-481D-954D-D94C86EE8919}"
EndProject
Project("{2150E333-8FDC-42A3-9474-1A3956D46DE8}") = "Solution Items", "Solution Items", "{341946B9-FD09-4F8D-BF37-A5A55170C62E}"
	ProjectSection(SolutionItems) = preProject
		.gitignore = .gitignore
		.gitattributes = .gitattributes
		appveyor.yml = appveyor.yml
		LICENSE = LICENSE
		README.md = README.md
	EndProjectSection
EndProject
Project("{FAE04EC0-301F-11D3-BF4B-00C04F79EFBC}") = "Grouchy.ServiceBus", "src\Grouchy.ServiceBus\Grouchy.ServiceBus.csproj", "{C4905CC7-056B-496F-8C38-2A8E3D3C83F3}"
EndProject
Project("{FAE04EC0-301F-11D3-BF4B-00C04F79EFBC}") = "Grouchy.ServiceBus.Tests", "src\Grouchy.ServiceBus.Tests\Grouchy.ServiceBus.Tests.csproj", "{E75EF409-F6FE-432B-B253-5106BC7750E4}"
EndProject
Global
	GlobalSection(SolutionConfigurationPlatforms) = preSolution
		Debug|Any CPU = Debug|Any CPU
		Debug|x64 = Debug|x64
		Debug|x86 = Debug|x86
		Release|Any CPU = Release|Any CPU
		Release|x64 = Release|x64
		Release|x86 = Release|x86
	EndGlobalSection
	GlobalSection(SolutionProperties) = preSolution
		HideSolutionNode = FALSE
	EndGlobalSection
	GlobalSection(ProjectConfigurationPlatforms) = postSolution
		{834982A0-AEB8-435D-A72D-C4213CEC1207}.Debug|Any CPU.ActiveCfg = Debug|Any CPU
		{834982A0-AEB8-435D-A72D-C4213CEC1207}.Debug|Any CPU.Build.0 = Debug|Any CPU
		{834982A0-AEB8-435D-A72D-C4213CEC1207}.Debug|x64.ActiveCfg = Debug|Any CPU
		{834982A0-AEB8-435D-A72D-C4213CEC1207}.Debug|x64.Build.0 = Debug|Any CPU
		{834982A0-AEB8-435D-A72D-C4213CEC1207}.Debug|x86.ActiveCfg = Debug|Any CPU
		{834982A0-AEB8-435D-A72D-C4213CEC1207}.Debug|x86.Build.0 = Debug|Any CPU
		{834982A0-AEB8-435D-A72D-C4213CEC1207}.Release|Any CPU.ActiveCfg = Release|Any CPU
		{834982A0-AEB8-435D-A72D-C4213CEC1207}.Release|Any CPU.Build.0 = Release|Any CPU
		{834982A0-AEB8-435D-A72D-C4213CEC1207}.Release|x64.ActiveCfg = Release|Any CPU
		{834982A0-AEB8-435D-A72D-C4213CEC1207}.Release|x64.Build.0 = Release|Any CPU
		{834982A0-AEB8-435D-A72D-C4213CEC1207}.Release|x86.ActiveCfg = Release|Any CPU
		{834982A0-AEB8-435D-A72D-C4213CEC1207}.Release|x86.Build.0 = Release|Any CPU
		{CD86EF1E-CC06-4E17-882F-BE15762BCF2A}.Debug|Any CPU.ActiveCfg = Debug|Any CPU
		{CD86EF1E-CC06-4E17-882F-BE15762BCF2A}.Debug|Any CPU.Build.0 = Debug|Any CPU
		{CD86EF1E-CC06-4E17-882F-BE15762BCF2A}.Debug|x64.ActiveCfg = Debug|Any CPU
		{CD86EF1E-CC06-4E17-882F-BE15762BCF2A}.Debug|x64.Build.0 = Debug|Any CPU
		{CD86EF1E-CC06-4E17-882F-BE15762BCF2A}.Debug|x86.ActiveCfg = Debug|Any CPU
		{CD86EF1E-CC06-4E17-882F-BE15762BCF2A}.Debug|x86.Build.0 = Debug|Any CPU
		{CD86EF1E-CC06-4E17-882F-BE15762BCF2A}.Release|Any CPU.ActiveCfg = Release|Any CPU
		{CD86EF1E-CC06-4E17-882F-BE15762BCF2A}.Release|Any CPU.Build.0 = Release|Any CPU
		{CD86EF1E-CC06-4E17-882F-BE15762BCF2A}.Release|x64.ActiveCfg = Release|Any CPU
		{CD86EF1E-CC06-4E17-882F-BE15762BCF2A}.Release|x64.Build.0 = Release|Any CPU
		{CD86EF1E-CC06-4E17-882F-BE15762BCF2A}.Release|x86.ActiveCfg = Release|Any CPU
		{CD86EF1E-CC06-4E17-882F-BE15762BCF2A}.Release|x86.Build.0 = Release|Any CPU
		{F96CFD85-B9D0-4A63-87D4-991E8AE3E732}.Debug|Any CPU.ActiveCfg = Debug|Any CPU
		{F96CFD85-B9D0-4A63-87D4-991E8AE3E732}.Debug|Any CPU.Build.0 = Debug|Any CPU
		{F96CFD85-B9D0-4A63-87D4-991E8AE3E732}.Debug|x64.ActiveCfg = Debug|Any CPU
		{F96CFD85-B9D0-4A63-87D4-991E8AE3E732}.Debug|x64.Build.0 = Debug|Any CPU
		{F96CFD85-B9D0-4A63-87D4-991E8AE3E732}.Debug|x86.ActiveCfg = Debug|Any CPU
		{F96CFD85-B9D0-4A63-87D4-991E8AE3E732}.Debug|x86.Build.0 = Debug|Any CPU
		{F96CFD85-B9D0-4A63-87D4-991E8AE3E732}.Release|Any CPU.ActiveCfg = Release|Any CPU
		{F96CFD85-B9D0-4A63-87D4-991E8AE3E732}.Release|Any CPU.Build.0 = Release|Any CPU
		{F96CFD85-B9D0-4A63-87D4-991E8AE3E732}.Release|x64.ActiveCfg = Release|Any CPU
		{F96CFD85-B9D0-4A63-87D4-991E8AE3E732}.Release|x64.Build.0 = Release|Any CPU
		{F96CFD85-B9D0-4A63-87D4-991E8AE3E732}.Release|x86.ActiveCfg = Release|Any CPU
		{F96CFD85-B9D0-4A63-87D4-991E8AE3E732}.Release|x86.Build.0 = Release|Any CPU
		{45AA944D-107B-440B-BCAC-1EB3EF59234D}.Debug|Any CPU.ActiveCfg = Debug|Any CPU
		{45AA944D-107B-440B-BCAC-1EB3EF59234D}.Debug|Any CPU.Build.0 = Debug|Any CPU
		{45AA944D-107B-440B-BCAC-1EB3EF59234D}.Debug|x64.ActiveCfg = Debug|Any CPU
		{45AA944D-107B-440B-BCAC-1EB3EF59234D}.Debug|x64.Build.0 = Debug|Any CPU
		{45AA944D-107B-440B-BCAC-1EB3EF59234D}.Debug|x86.ActiveCfg = Debug|Any CPU
		{45AA944D-107B-440B-BCAC-1EB3EF59234D}.Debug|x86.Build.0 = Debug|Any CPU
		{45AA944D-107B-440B-BCAC-1EB3EF59234D}.Release|Any CPU.ActiveCfg = Release|Any CPU
		{45AA944D-107B-440B-BCAC-1EB3EF59234D}.Release|Any CPU.Build.0 = Release|Any CPU
		{45AA944D-107B-440B-BCAC-1EB3EF59234D}.Release|x64.ActiveCfg = Release|Any CPU
		{45AA944D-107B-440B-BCAC-1EB3EF59234D}.Release|x64.Build.0 = Release|Any CPU
		{45AA944D-107B-440B-BCAC-1EB3EF59234D}.Release|x86.ActiveCfg = Release|Any CPU
		{45AA944D-107B-440B-BCAC-1EB3EF59234D}.Release|x86.Build.0 = Release|Any CPU
		{4F8FFB04-9D4B-481D-954D-D94C86EE8919}.Debug|Any CPU.ActiveCfg = Debug|Any CPU
		{4F8FFB04-9D4B-481D-954D-D94C86EE8919}.Debug|Any CPU.Build.0 = Debug|Any CPU
		{4F8FFB04-9D4B-481D-954D-D94C86EE8919}.Debug|x64.ActiveCfg = Debug|Any CPU
		{4F8FFB04-9D4B-481D-954D-D94C86EE8919}.Debug|x64.Build.0 = Debug|Any CPU
		{4F8FFB04-9D4B-481D-954D-D94C86EE8919}.Debug|x86.ActiveCfg = Debug|Any CPU
		{4F8FFB04-9D4B-481D-954D-D94C86EE8919}.Debug|x86.Build.0 = Debug|Any CPU
		{4F8FFB04-9D4B-481D-954D-D94C86EE8919}.Release|Any CPU.ActiveCfg = Release|Any CPU
		{4F8FFB04-9D4B-481D-954D-D94C86EE8919}.Release|Any CPU.Build.0 = Release|Any CPU
		{4F8FFB04-9D4B-481D-954D-D94C86EE8919}.Release|x64.ActiveCfg = Release|Any CPU
		{4F8FFB04-9D4B-481D-954D-D94C86EE8919}.Release|x64.Build.0 = Release|Any CPU
		{4F8FFB04-9D4B-481D-954D-D94C86EE8919}.Release|x86.ActiveCfg = Release|Any CPU
		{4F8FFB04-9D4B-481D-954D-D94C86EE8919}.Release|x86.Build.0 = Release|Any CPU
		{C4905CC7-056B-496F-8C38-2A8E3D3C83F3}.Debug|Any CPU.ActiveCfg = Debug|Any CPU
		{C4905CC7-056B-496F-8C38-2A8E3D3C83F3}.Debug|Any CPU.Build.0 = Debug|Any CPU
		{C4905CC7-056B-496F-8C38-2A8E3D3C83F3}.Debug|x64.ActiveCfg = Debug|Any CPU
		{C4905CC7-056B-496F-8C38-2A8E3D3C83F3}.Debug|x64.Build.0 = Debug|Any CPU
		{C4905CC7-056B-496F-8C38-2A8E3D3C83F3}.Debug|x86.ActiveCfg = Debug|Any CPU
		{C4905CC7-056B-496F-8C38-2A8E3D3C83F3}.Debug|x86.Build.0 = Debug|Any CPU
		{C4905CC7-056B-496F-8C38-2A8E3D3C83F3}.Release|Any CPU.ActiveCfg = Release|Any CPU
		{C4905CC7-056B-496F-8C38-2A8E3D3C83F3}.Release|Any CPU.Build.0 = Release|Any CPU
		{C4905CC7-056B-496F-8C38-2A8E3D3C83F3}.Release|x64.ActiveCfg = Release|Any CPU
		{C4905CC7-056B-496F-8C38-2A8E3D3C83F3}.Release|x64.Build.0 = Release|Any CPU
		{C4905CC7-056B-496F-8C38-2A8E3D3C83F3}.Release|x86.ActiveCfg = Release|Any CPU
		{C4905CC7-056B-496F-8C38-2A8E3D3C83F3}.Release|x86.Build.0 = Release|Any CPU
		{E75EF409-F6FE-432B-B253-5106BC7750E4}.Debug|Any CPU.ActiveCfg = Debug|Any CPU
		{E75EF409-F6FE-432B-B253-5106BC7750E4}.Debug|Any CPU.Build.0 = Debug|Any CPU
		{E75EF409-F6FE-432B-B253-5106BC7750E4}.Debug|x64.ActiveCfg = Debug|Any CPU
		{E75EF409-F6FE-432B-B253-5106BC7750E4}.Debug|x64.Build.0 = Debug|Any CPU
		{E75EF409-F6FE-432B-B253-5106BC7750E4}.Debug|x86.ActiveCfg = Debug|Any CPU
		{E75EF409-F6FE-432B-B253-5106BC7750E4}.Debug|x86.Build.0 = Debug|Any CPU
		{E75EF409-F6FE-432B-B253-5106BC7750E4}.Release|Any CPU.ActiveCfg = Release|Any CPU
		{E75EF409-F6FE-432B-B253-5106BC7750E4}.Release|Any CPU.Build.0 = Release|Any CPU
		{E75EF409-F6FE-432B-B253-5106BC7750E4}.Release|x64.ActiveCfg = Release|Any CPU
		{E75EF409-F6FE-432B-B253-5106BC7750E4}.Release|x64.Build.0 = Release|Any CPU
		{E75EF409-F6FE-432B-B253-5106BC7750E4}.Release|x86.ActiveCfg = Release|Any CPU
		{E75EF409-F6FE-432B-B253-5106BC7750E4}.Release|x86.Build.0 = Release|Any CPU
	EndGlobalSection
	GlobalSection(NestedProjects) = preSolution
		{834982A0-AEB8-435D-A72D-C4213CEC1207} = {C10E29F0-7288-4732-822E-77C1DD341C88}
		{CD86EF1E-CC06-4E17-882F-BE15762BCF2A} = {C10E29F0-7288-4732-822E-77C1DD341C88}
		{F96CFD85-B9D0-4A63-87D4-991E8AE3E732} = {C10E29F0-7288-4732-822E-77C1DD341C88}
		{45AA944D-107B-440B-BCAC-1EB3EF59234D} = {C10E29F0-7288-4732-822E-77C1DD341C88}
		{4F8FFB04-9D4B-481D-954D-D94C86EE8919} = {C10E29F0-7288-4732-822E-77C1DD341C88}
		{C4905CC7-056B-496F-8C38-2A8E3D3C83F3} = {C10E29F0-7288-4732-822E-77C1DD341C88}
		{E75EF409-F6FE-432B-B253-5106BC7750E4} = {C10E29F0-7288-4732-822E-77C1DD341C88}
	EndGlobalSection
EndGlobal
